github.com/cenkalti/backoff v2.0.0+incompatible/go.mod h1:90ReRw6GdpyfrHakVjL/QHaoyV4aDUVVkXQJJJ3NXXM=
github.com/djthorpe/gopi v1.0.7/go.mod h1:Ou77J7O0cB6W3xwdigP9xO2gfqY1P07j7YNLgGnmwyc=
github.com/djthorpe/gopi v1.0.10/go.mod h1:Ou77J7O0cB6W3xwdigP9xO2gfqY1P07j7YNLgGnmwyc=
github.com/djthorpe/gopi v1.0.20 h1:JBi4CKMZJW8Ezahi2SGmXZmjBFAbWdG8qFu1s7ijv24=
github.com/djthorpe/gopi v1.0.20/go.mod h1:vxHcwAC+CW5fBPb2w7lGEtgymI/dDKLjQ9VLzgYvL88=
github.com/djthorpe/gopi-hw v1.0.5 h1:e1C2jmo8MLlL0l2l+8/jGUqlkAm+/fUOEehJ8vmgaKs=
github.com/djthorpe/gopi-hw v1.0.5/go.mod h1:47sPO2pzu9OKWMx81uHT/ZzSmUQSxA1g44BWZITqc/E=
github.com/djthorpe/gopi-input v1.0.3/go.mod h1:xo5HuBDuoVLXG6wdAZ7RIc+S1HMJzmal43F/W8qBBsY=
github.com/djthorpe/gopi-rpc v1.0.3/go.mod h1:+UWTbPxPURe9Gmqrywyb2iA1Ki2Uo0lfEFvc1RrKrfs=
github.com/djthorpe/zeroconf v0.0.0-20171029195637-8219919fca89/go.mod h1:RWsgHcKATK7F9hh5zowNShm2XAPuuIuCGCC46seZQB4=
github.com/eclipse/paho.mqtt.golang v1.1.1 h1:iPJYXJLaViCshRTW/PSqImSS6HJ2Rf671WR0bXZ2GIU=
github.com/eclipse/paho.mqtt.golang v1.1.1/go.mod h1:H9keYFcgq3Qr5OUJm/JZI/i6U7joQ8SYLhZwfeOo6Ts=
github.com/golang/glog v0.0.0-20160126235308-23def4e6c14b/go.mod h1:SBH7ygxi8pfUlaOkMMuAQtPIUF8ecWP5IEl/CR7VP2Q=
github.com/golang/protobuf v1.2.0/go.mod h1:6lQm79b+lXiMfvg/cZm0SGofjICqVBUtrP5yJMmIC1U=
github.com/mattn/go-runewidth v0.0.3/go.mod h1:LwmH8dsx7+W8Uxz3IHJYH5QSwggIsqBzpuz5H//U1FU=
github.com/miekg/dns v1.0.8/go.mod h1:W1PPwlIAgtquWBMBEV9nkV9Cazfe8ScdGz/Lj7v3Nrg=
github.com/olekukonko/tablewriter v0.0.0-20180506121414-d4647c9c7a84/go.mod h1:vsDQFd/mU46D+Z4whnwzcISnGGzXWMclvtLoiIKAKIo=
github.com/wtks/A75C4269 v0.1.1 h1:3plHiBxMAo/JZZ7o3kTu4voZiJLXNyRDjM5K+oBFk44=
github.com/wtks/A75C4269 v0.1.1/go.mod h1:9aDkl9DWdnXbRpM83tDozCFDNV4CtwCZEYEAYIaE9rQ=
github.com/wtks/A75C4269 v0.2.0 h1:awr0WqiKI0dm+qX3WIhtWjV3mEvtvhqIlj3kR+wXXR8=
github.com/wtks/A75C4269 v0.2.0/go.mod h1:9aDkl9DWdnXbRpM83tDozCFDNV4CtwCZEYEAYIaE9rQ=
golang.org/x/crypto v0.0.0-20180820150726-614d502a4dac/go.mod h1:6SG95UA2DQfeDnfUPMdvaQW0Q7yPrPDi9nlGo2tz2b4=
golang.org/x/crypto v0.0.0-20180904163835-0709b304e793/go.mod h1:6SG95UA2DQfeDnfUPMdvaQW0Q7yPrPDi9nlGo2tz2b4=
golang.org/x/net v0.0.0-20180826012351-8a410e7b638d/go.mod h1:mL1N/T3taQHkDXs73rZJwtUhF3w3ftmwwsq0BUmARs4=
golang.org/x/net v0.0.0-20180906233101-161cd47e91fd h1:nTDtHvHSdCn1m6ITfMRqtOd/9+7a3s8RBNOZ3eYZzJA=
golang.org/x/net v0.0.0-20180906233101-161cd47e91fd/go.mod h1:mL1N/T3taQHkDXs73rZJwtUhF3w3ftmwwsq0BUmARs4=
golang.org/x/sync v0.0.0-20180314180146-1d60e4601c6f/go.mod h1:RxMgew5VJxzue5/jJTE5uejpjVlOe/izrB70Jof72aM=
golang.org/x/sys v0.0.0-20180824143301-4910a1d54f87/go.mod h1:STP8DvDyc/dI5b8T5hshtkjS+E42TnysNCUPdjciGhY=
golang.org/x/sys v0.0.0-20180828065106-d99a578cf41b/go.mod h1:STP8DvDyc/dI5b8T5hshtkjS+E42TnysNCUPdjciGhY=
golang.org/x/sys v0.0.0-20180909124046-d0be0721c37e/go.mod h1:STP8DvDyc/dI5b8T5hshtkjS+E42TnysNCUPdjciGhY=
golang.org/x/text v0.3.0/go.mod h1:NqM8EUOU14njkJ3fqMW+pc6Ldnwhi/IjpwHt7yyuwOQ=
google.golang.org/genproto v0.0.0-20180817151627-c66870c02cf8/go.mod h1:JiN7NxoALGmiZfu7CAH4rXhgtRTLTxftemlI0sWmxmc=
google.golang.org/genproto v0.0.0-20180831171423-11092d34479b/go.mod h1:JiN7NxoALGmiZfu7CAH4rXhgtRTLTxftemlI0sWmxmc=
google.golang.org/grpc v1.14.0/go.mod h1:yo6s7OP7yaDglbqo1J04qKzAhqBH6lvTonzMVmEdcZw=
